{"SurveyEntry":{"SurveyID":"SV_4MU1q49bxviWAPc","SurveyName":"DOSPERT(2020)","SurveyDescription":null,"SurveyOwnerID":"UR_9vsY1j5Z168T08t","SurveyBrandID":"nyu","DivisionID":null,"SurveyLanguage":"EN","SurveyActiveResponseSet":"RS_07A2VTnxnF9axKu","SurveyStatus":"Active","SurveyStartDate":"0000-00-00 00:00:00","SurveyExpirationDate":"0000-00-00 00:00:00","SurveyCreationDate":"2022-03-08 16:18:13","CreatorID":"UR_9vsY1j5Z168T08t","LastModified":"2022-03-10 15:50:50","LastAccessed":"0000-00-00 00:00:00","LastActivated":"2022-03-08 16:24:36","Deleted":null},"SurveyElements":[{"SurveyID":"SV_4MU1q49bxviWAPc","Element":"BL","PrimaryAttribute":"Survey Blocks","SecondaryAttribute":null,"TertiaryAttribute":null,"Payload":{"1":{"Type":"Trash","Description":"Trash \/ Unused Questions","ID":"BL_bw2mKQxffhhsFql","BlockElements":[]},"2":{"Type":"Standard","Description":"DOSPERT Ethical","ID":"BL_0DIjsybYWhOXlGJ","BlockElements":[{"Type":"Question","QuestionID":"QID1"}],"Options":{"BlockLocking":"false","RandomizeQuestions":"false","BlockVisibility":"Expanded"}},"5":{"Type":"Standard","Description":"DOSPERT Financial","ID":"BL_3rrWd1vaUkSD8ax","BlockElements":[{"Type":"Question","QuestionID":"QID4"}],"Options":{"BlockLocking":"false","RandomizeQuestions":"false","BlockVisibility":"Expanded"}},"8":{"Type":"Standard","Description":"DOSPERT Health\/Safety","ID":"BL_2ghOO7PX6e9Z8ON","BlockElements":[{"Type":"Question","QuestionID":"QID7"}],"Options":{"BlockLocking":"false","RandomizeQuestions":"false","BlockVisibility":"Expanded"}},"11":{"Type":"Standard","Description":"DOSPERT Recreational","ID":"BL_3wqZ2NMhua2MlM1","BlockElements":[{"Type":"Question","QuestionID":"QID10"}],"Options":{"BlockLocking":"false","RandomizeQuestions":"false","BlockVisibility":"Expanded"}},"14":{"Type":"Standard","Description":"DOSPERT Social","ID":"BL_9Temfu3x9LPUNSJ","BlockElements":[{"Type":"Question","QuestionID":"QID13"}],"Options":{"BlockLocking":"false","RandomizeQuestions":"false","BlockVisibility":"Expanded"}}}},{"SurveyID":"SV_4MU1q49bxviWAPc","Element":"FL","PrimaryAttribute":"Survey Flow","SecondaryAttribute":null,"TertiaryAttribute":null,"Payload":{"Type":"Root","FlowID":"FL_1","Flow":[{"Type":"Standard","ID":"BL_0DIjsybYWhOXlGJ","FlowID":"FL_3","Autofill":[]},{"Type":"Standard","ID":"BL_3rrWd1vaUkSD8ax","FlowID":"FL_6","Autofill":[]},{"Type":"Standard","ID":"BL_2ghOO7PX6e9Z8ON","FlowID":"FL_9","Autofill":[]},{"Type":"Standard","ID":"BL_3wqZ2NMhua2MlM1","FlowID":"FL_12","Autofill":[]},{"Type":"Standard","ID":"BL_9Temfu3x9LPUNSJ","FlowID":"FL_16","Autofill":[]}],"Properties":{"Count":18,"RemovedFieldsets":[]}}},{"SurveyID":"SV_4MU1q49bxviWAPc","Element":"SO","PrimaryAttribute":"Survey Options","SecondaryAttribute":null,"TertiaryAttribute":null,"Payload":{"BackButton":"false","SaveAndContinue":"true","SurveyProtection":"PublicSurvey","BallotBoxStuffingPrevention":"false","NoIndex":"Yes","SurveyExpiration":"None","SurveyTermination":"DefaultMessage","Header":"","Footer":"","ProgressBarDisplay":"None","PartialData":"+1 week","ValidationMessage":"","PreviousButton":"  <<  ","NextButton":"  >>  ","SkinLibrary":"nyu","SkinType":"MQ","Skin":"nyu1","NewScoring":1,"ProtectSelectionIds":true,"SurveyTitle":"Qualtrics Survey | Qualtrics Experience Management","SurveyName":"DOSPERT(2020)"}},{"SurveyID":"SV_4MU1q49bxviWAPc","Element":"SCO","PrimaryAttribute":"Scoring","SecondaryAttribute":null,"TertiaryAttribute":null,"Payload":{"ScoringCategories":[],"ScoringCategoryGroups":[],"ScoringSummaryCategory":null,"ScoringSummaryAfterQuestions":0,"ScoringSummaryAfterSurvey":0,"DefaultScoringCategory":null,"AutoScoringCategory":null}},{"SurveyID":"SV_4MU1q49bxviWAPc","Element":"PROJ","PrimaryAttribute":"CORE","SecondaryAttribute":null,"TertiaryAttribute":"1.1.0","Payload":{"ProjectCategory":"CORE","SchemaVersion":"1.1.0"}},{"SurveyID":"SV_4MU1q49bxviWAPc","Element":"STAT","PrimaryAttribute":"Survey Statistics","SecondaryAttribute":null,"TertiaryAttribute":null,"Payload":{"MobileCompatible":false,"ID":"Survey Statistics"}},{"SurveyID":"SV_4MU1q49bxviWAPc","Element":"QC","PrimaryAttribute":"Survey Question Count","SecondaryAttribute":"16","TertiaryAttribute":null,"Payload":null},{"SurveyID":"SV_4MU1q49bxviWAPc","Element":"RS","PrimaryAttribute":"RS_07A2VTnxnF9axKu","SecondaryAttribute":"Default Response Set","TertiaryAttribute":null,"Payload":null},{"SurveyID":"SV_4MU1q49bxviWAPc","Element":"SQ","PrimaryAttribute":"QID1","SecondaryAttribute":"For each of the following statements, please indicate the\u00a0likelihood\u00a0that you would engage in the.","TertiaryAttribute":null,"Payload":{"QuestionText":"<span style=\"font-size:14px;\">For each of the following statements, please indicate the&nbsp;<strong>likelihood&nbsp;<\/strong>that\n you would engage in the described activity or behavior if you were to \nfind yourself in that situation.&nbsp; Provide a rating from 'Extremely \nUnlikely'&nbsp;to 'Extremely Likely', using the following scale:<\/span>","DefaultChoices":false,"QuestionType":"Matrix","Selector":"Likert","SubSelector":"SingleAnswer","Configuration":{"QuestionDescriptionOption":"UseText","TextPosition":"inline","ChoiceColumnWidth":25,"RepeatHeaders":"none","WhiteSpace":"OFF","MobileFirst":true},"QuestionDescription":"For each of the following statements, please indicate the\u00a0likelihood\u00a0that you would engage in the...","Choices":{"1":{"Display":"Taking some questionable deductions on your income tax return."},"2":{"Display":"Having an affair with a married man\/woman."},"3":{"Display":"Passing off somebody else\u2019s work as your own."},"4":{"Display":"Revealing a friend\u2019s secret to someone else."},"5":{"Display":"Leaving your young children alone at home while running an errand."},"6":{"Display":"Not returning a wallet you found that contains $200."}},"ChoiceOrder":[1,2,3,4,5,6],"Validation":{"Settings":{"ForceResponse":"ON","ForceResponseType":"ON","Type":"None"}},"GradingData":[],"Language":[],"Answers":{"1":{"Display":"Extremely Unlikely"},"2":{"Display":"Moderately Unlikely"},"3":{"Display":"Somewhat Unlikely"},"4":{"Display":"Not Sure"},"5":{"Display":"Somewhat Likely"},"6":{"Display":"Moderately Likely"},"7":{"Display":"Extremely Likely"}},"AnswerOrder":[1,2,3,4,5,6,7],"ChoiceDataExportTags":false,"QuestionText_Unsafe":"<span style=\"font-size:14px;\">For each of the following statements, please indicate the&nbsp;<strong>likelihood&nbsp;<\/strong>that\n you would engage in the described activity or behavior if you were to \nfind yourself in that situation.&nbsp; Provide a rating from 'Extremely \nUnlikely'&nbsp;to 'Extremely Likely', using the following scale:<\/span>","DataExportTag":"ethRT","QuestionID":"QID1"}},{"SurveyID":"SV_4MU1q49bxviWAPc","Element":"SQ","PrimaryAttribute":"QID4","SecondaryAttribute":"For each of the following statements, please indicate the\u00a0likelihood\u00a0that you would engage in the.","TertiaryAttribute":null,"Payload":{"QuestionText":"<span style=\"font-size:14px;\">For each of the following statements, please indicate the&nbsp;<strong>likelihood&nbsp;<\/strong>that\n you would engage in the described activity or behavior if you were to \nfind yourself in that situation.&nbsp; Provide a rating from 'Extremely \nUnlikely'&nbsp;to 'Extremely Likely', using the following scale:<\/span>","DefaultChoices":false,"QuestionType":"Matrix","Selector":"Likert","SubSelector":"SingleAnswer","Configuration":{"QuestionDescriptionOption":"UseText","TextPosition":"inline","ChoiceColumnWidth":25,"RepeatHeaders":"none","WhiteSpace":"OFF","MobileFirst":true},"QuestionDescription":"For each of the following statements, please indicate the\u00a0likelihood\u00a0that you would engage in the...","Choices":{"1":{"Display":"Betting a day\u2019s income at the horse races."},"2":{"Display":"Investing 10% of your annual income in a moderate growth diversified fund."},"3":{"Display":"Betting a day\u2019s income at a high-stakes poker game."},"4":{"Display":"Investing 5% of your annual income in a very speculative stock."},"5":{"Display":"Betting a day\u2019s income on the outcome of a sporting event."},"6":{"Display":"Investing 10% of your annual income in a new business venture."}},"ChoiceOrder":[1,2,3,4,5,6],"Validation":{"Settings":{"ForceResponse":"ON","ForceResponseType":"ON","Type":"None"}},"GradingData":[],"Language":[],"Answers":{"1":{"Display":"Extremely Unlikely"},"2":{"Display":"Moderately Unlikely"},"3":{"Display":"Somewhat Unlikely"},"4":{"Display":"Not Sure"},"5":{"Display":"Somewhat Likely"},"6":{"Display":"Moderately Likely"},"7":{"Display":"Extremely Likely"}},"AnswerOrder":[1,2,3,4,5,6,7],"ChoiceDataExportTags":false,"QuestionText_Unsafe":"<span style=\"font-size:14px;\">For each of the following statements, please indicate the&nbsp;<strong>likelihood&nbsp;<\/strong>that\n you would engage in the described activity or behavior if you were to \nfind yourself in that situation.&nbsp; Provide a rating from 'Extremely \nUnlikely'&nbsp;to 'Extremely Likely', using the following scale:<\/span>","DataExportTag":"finRT","QuestionID":"QID4"}},{"SurveyID":"SV_4MU1q49bxviWAPc","Element":"SQ","PrimaryAttribute":"QID7","SecondaryAttribute":"For each of the following statements, please indicate the\u00a0likelihood\u00a0that you would engage in the.","TertiaryAttribute":null,"Payload":{"QuestionText":"<span style=\"font-size:14px;\">For each of the following statements, please indicate the&nbsp;<strong>likelihood&nbsp;<\/strong>that\n you would engage in the described activity or behavior if you were to \nfind yourself in that situation.&nbsp; Provide a rating from 'Extremely \nUnlikely'&nbsp;to 'Extremely Likely', using the following scale:<\/span>","DefaultChoices":false,"QuestionType":"Matrix","Selector":"Likert","SubSelector":"SingleAnswer","Configuration":{"QuestionDescriptionOption":"UseText","TextPosition":"inline","ChoiceColumnWidth":25,"RepeatHeaders":"none","WhiteSpace":"OFF","MobileFirst":true},"QuestionDescription":"For each of the following statements, please indicate the\u00a0likelihood\u00a0that you would engage in the...","Choices":{"1":{"Display":"Drinking heavily at a social function."},"2":{"Display":"Engaging in unprotected sex."},"3":{"Display":"Driving a car without wearing a seat belt."},"4":{"Display":"Riding a motorcycle without a helmet."},"5":{"Display":"Sunbathing without sunscreen."},"6":{"Display":"Walking home alone at night in an unsafe area of town."}},"ChoiceOrder":[1,2,3,4,5,6],"Validation":{"Settings":{"ForceResponse":"ON","ForceResponseType":"ON","Type":"None"}},"GradingData":[],"Language":[],"Answers":{"1":{"Display":"Extremely Unlikely"},"2":{"Display":"Moderately Unlikely"},"3":{"Display":"Somewhat Unlikely"},"4":{"Display":"Not Sure"},"5":{"Display":"Somewhat Likely"},"6":{"Display":"Moderately Likely"},"7":{"Display":"Extremely Likely"}},"AnswerOrder":[1,2,3,4,5,6,7],"ChoiceDataExportTags":false,"QuestionText_Unsafe":"<span style=\"font-size:14px;\">For each of the following statements, please indicate the&nbsp;<strong>likelihood&nbsp;<\/strong>that\n you would engage in the described activity or behavior if you were to \nfind yourself in that situation.&nbsp; Provide a rating from 'Extremely \nUnlikely'&nbsp;to 'Extremely Likely', using the following scale:<\/span>","DataExportTag":"heaRT","QuestionID":"QID7"}},{"SurveyID":"SV_4MU1q49bxviWAPc","Element":"SQ","PrimaryAttribute":"QID10","SecondaryAttribute":"For each of the following statements, please indicate the\u00a0likelihood\u00a0that you would engage in the.","TertiaryAttribute":null,"Payload":{"QuestionText":"<span style=\"font-size:14px;\">For each of the following statements, please indicate the&nbsp;<strong>likelihood&nbsp;<\/strong>that\n you would engage in the described activity or behavior if you were to \nfind yourself in that situation.&nbsp; Provide a rating from 'Extremely \nUnlikely'&nbsp;to 'Extremely Likely', using the following scale:<\/span>","DefaultChoices":false,"QuestionType":"Matrix","Selector":"Likert","SubSelector":"SingleAnswer","Configuration":{"QuestionDescriptionOption":"UseText","TextPosition":"inline","ChoiceColumnWidth":25,"RepeatHeaders":"none","WhiteSpace":"OFF","MobileFirst":true},"QuestionDescription":"For each of the following statements, please indicate the\u00a0likelihood\u00a0that you would engage in the...","Choices":{"1":{"Display":"Going camping in the wilderness."},"2":{"Display":"Going down a ski run that is beyond your ability."},"3":{"Display":"Going whitewater rafting at high water in the spring."},"4":{"Display":"Taking a skydiving class."},"5":{"Display":"Bungee jumping off a tall bridge."},"6":{"Display":"Piloting a small plane."}},"ChoiceOrder":[1,2,3,4,5,6],"Validation":{"Settings":{"ForceResponse":"ON","ForceResponseType":"ON","Type":"None"}},"GradingData":[],"Language":[],"Answers":{"1":{"Display":"Extremely Unlikely"},"2":{"Display":"Moderately Unlikely"},"3":{"Display":"Somewhat Unlikely"},"4":{"Display":"Not Sure"},"5":{"Display":"Somewhat Likely"},"6":{"Display":"Moderately Likely"},"7":{"Display":"Extremely Likely"}},"AnswerOrder":[1,2,3,4,5,6,7],"ChoiceDataExportTags":false,"QuestionText_Unsafe":"<span style=\"font-size:14px;\">For each of the following statements, please indicate the&nbsp;<strong>likelihood&nbsp;<\/strong>that\n you would engage in the described activity or behavior if you were to \nfind yourself in that situation.&nbsp; Provide a rating from 'Extremely \nUnlikely'&nbsp;to 'Extremely Likely', using the following scale:<\/span>","DataExportTag":"recRT","QuestionID":"QID10"}},{"SurveyID":"SV_4MU1q49bxviWAPc","Element":"SQ","PrimaryAttribute":"QID13","SecondaryAttribute":"For each of the following statements, please indicate the\u00a0likelihood\u00a0that you would engage in the.","TertiaryAttribute":null,"Payload":{"QuestionText":"<span style=\"font-size:14px;\">For each of the following statements, please indicate the&nbsp;<strong>likelihood&nbsp;<\/strong>that\n you would engage in the described activity or behavior if you were to \nfind yourself in that situation.&nbsp; Provide a rating from 'Extremely \nUnlikely'&nbsp;to 'Extremely Likely', using the following scale:<\/span>","DefaultChoices":false,"QuestionType":"Matrix","Selector":"Likert","SubSelector":"SingleAnswer","Configuration":{"QuestionDescriptionOption":"UseText","TextPosition":"inline","ChoiceColumnWidth":25,"RepeatHeaders":"none","WhiteSpace":"OFF","MobileFirst":true},"QuestionDescription":"For each of the following statements, please indicate the\u00a0likelihood\u00a0that you would engage in the...","Choices":{"1":{"Display":"Admitting that your tastes are different from those of a friend."},"2":{"Display":"Disagreeing with an authority figure on a major issue."},"3":{"Display":"Choosing a career that you truly enjoy over a more prestigious one."},"4":{"Display":"Speaking your mind about an unpopular issue in a meeting at work."},"5":{"Display":"Moving to a city far away from your extended family."},"6":{"Display":"Starting a new career in your mid-thirties."}},"ChoiceOrder":[1,2,3,4,5,6],"Validation":{"Settings":{"ForceResponse":"ON","ForceResponseType":"ON","Type":"None"}},"GradingData":[],"Language":[],"Answers":{"1":{"Display":"Extremely Unlikely"},"2":{"Display":"Moderately Unlikely"},"3":{"Display":"Somewhat Unlikely"},"4":{"Display":"Not Sure"},"5":{"Display":"Somewhat Likely"},"6":{"Display":"Moderately Likely"},"7":{"Display":"Extremely Likely"}},"AnswerOrder":[1,2,3,4,5,6,7],"ChoiceDataExportTags":false,"QuestionText_Unsafe":"<span style=\"font-size:14px;\">For each of the following statements, please indicate the&nbsp;<strong>likelihood&nbsp;<\/strong>that\n you would engage in the described activity or behavior if you were to \nfind yourself in that situation.&nbsp; Provide a rating from 'Extremely \nUnlikely'&nbsp;to 'Extremely Likely', using the following scale:<\/span>","DataExportTag":"socRT","QuestionID":"QID13"}}]}